// !$*UTF8*$!
{
	archiveVersion = 1;
	classes = {
	};
	objectVersion = 46;
	objects = {

/* Begin PBXBuildFile section */
		4C04EE251BBB363500AECBB1 /* OptionsViewController.swift in Sources */ = {isa = PBXBuildFile; fileRef = 4C04EE241BBB363500AECBB1 /* OptionsViewController.swift */; settings = {ASSET_TAGS = (); }; };
		4C04EE2F1BBB394A00AECBB1 /* pause_break_normal.png in Resources */ = {isa = PBXBuildFile; fileRef = 4C04EE2A1BBB394A00AECBB1 /* pause_break_normal.png */; settings = {ASSET_TAGS = (); }; };
		4C04EE301BBB394A00AECBB1 /* pause_work_normal.png in Resources */ = {isa = PBXBuildFile; fileRef = 4C04EE2B1BBB394A00AECBB1 /* pause_work_normal.png */; settings = {ASSET_TAGS = (); }; };
		4C04EE311BBB394A00AECBB1 /* play_break_normal.png in Resources */ = {isa = PBXBuildFile; fileRef = 4C04EE2C1BBB394A00AECBB1 /* play_break_normal.png */; settings = {ASSET_TAGS = (); }; };
		4C04EE321BBB394A00AECBB1 /* play_work_normal.png in Resources */ = {isa = PBXBuildFile; fileRef = 4C04EE2D1BBB394A00AECBB1 /* play_work_normal.png */; settings = {ASSET_TAGS = (); }; };
		4C04EE331BBB394A00AECBB1 /* progress-bar-start-fill.png in Resources */ = {isa = PBXBuildFile; fileRef = 4C04EE2E1BBB394A00AECBB1 /* progress-bar-start-fill.png */; settings = {ASSET_TAGS = (); }; };
		4C04EE351BBB39B000AECBB1 /* TimerData.swift in Sources */ = {isa = PBXBuildFile; fileRef = 4C04EE341BBB39B000AECBB1 /* TimerData.swift */; settings = {ASSET_TAGS = (); }; };
		4C04EE371BBB39E700AECBB1 /* TimeCircle.swift in Sources */ = {isa = PBXBuildFile; fileRef = 4C04EE361BBB39E700AECBB1 /* TimeCircle.swift */; settings = {ASSET_TAGS = (); }; };
		4C04EE391BBB3A9600AECBB1 /* GeneralProgressView.swift in Sources */ = {isa = PBXBuildFile; fileRef = 4C04EE381BBB3A9600AECBB1 /* GeneralProgressView.swift */; settings = {ASSET_TAGS = (); }; };
		4C04EE3B1BBB3B1F00AECBB1 /* TimerViewController.swift in Sources */ = {isa = PBXBuildFile; fileRef = 4C04EE3A1BBB3B1F00AECBB1 /* TimerViewController.swift */; settings = {ASSET_TAGS = (); }; };
		4C1B32651BB9E103002A1AA0 /* AppDelegate.swift in Sources */ = {isa = PBXBuildFile; fileRef = 4C1B32641BB9E103002A1AA0 /* AppDelegate.swift */; };
		4C1B32691BB9E103002A1AA0 /* Assets.xcassets in Resources */ = {isa = PBXBuildFile; fileRef = 4C1B32681BB9E103002A1AA0 /* Assets.xcassets */; };
		4C1B326C1BB9E103002A1AA0 /* Main.storyboard in Resources */ = {isa = PBXBuildFile; fileRef = 4C1B326A1BB9E103002A1AA0 /* Main.storyboard */; };
		4C1B32771BB9E103002A1AA0 /* BreakToGoTests.swift in Sources */ = {isa = PBXBuildFile; fileRef = 4C1B32761BB9E103002A1AA0 /* BreakToGoTests.swift */; };
		4CF352421BC46C550088E4D1 /* RoundedSaveButton.swift in Sources */ = {isa = PBXBuildFile; fileRef = 4CF352411BC46C550088E4D1 /* RoundedSaveButton.swift */; settings = {ASSET_TAGS = (); }; };
		4CFAB0831BBB3D6E00C6C190 /* ContainerViewController.swift in Sources */ = {isa = PBXBuildFile; fileRef = 4CFAB0821BBB3D6E00C6C190 /* ContainerViewController.swift */; settings = {ASSET_TAGS = (); }; };
		4CFAB0851BBB3D7C00C6C190 /* CrossfadeStoryboardSegue.swift in Sources */ = {isa = PBXBuildFile; fileRef = 4CFAB0841BBB3D7C00C6C190 /* CrossfadeStoryboardSegue.swift */; settings = {ASSET_TAGS = (); }; };
		4CFAB0871BBB3FCC00C6C190 /* discard_timer_normal.png in Resources */ = {isa = PBXBuildFile; fileRef = 4CFAB0861BBB3FCC00C6C190 /* discard_timer_normal.png */; settings = {ASSET_TAGS = (); }; };
		4CFF09B51BBDDC8100003209 /* timer_circle.png in Resources */ = {isa = PBXBuildFile; fileRef = 4CFF09B41BBDDC8100003209 /* timer_circle.png */; settings = {ASSET_TAGS = (); }; };
		4CFF09B71BBDDC9C00003209 /* settings_hover.png in Resources */ = {isa = PBXBuildFile; fileRef = 4CFF09B61BBDDC9C00003209 /* settings_hover.png */; settings = {ASSET_TAGS = (); }; };
/* End PBXBuildFile section */

/* Begin PBXContainerItemProxy section */
		4C1B32731BB9E103002A1AA0 /* PBXContainerItemProxy */ = {
			isa = PBXContainerItemProxy;
			containerPortal = 4C1B32591BB9E103002A1AA0 /* Project object */;
			proxyType = 1;
			remoteGlobalIDString = 4C1B32601BB9E103002A1AA0;
			remoteInfo = BreakToGo;
		};
/* End PBXContainerItemProxy section */

/* Begin PBXFileReference section */
		4C04EE241BBB363500AECBB1 /* OptionsViewController.swift */ = {isa = PBXFileReference; fileEncoding = 4; lastKnownFileType = sourcecode.swift; path = OptionsViewController.swift; sourceTree = "<group>"; };
		4C04EE2A1BBB394A00AECBB1 /* pause_break_normal.png */ = {isa = PBXFileReference; lastKnownFileType = image.png; path = pause_break_normal.png; sourceTree = "<group>"; };
		4C04EE2B1BBB394A00AECBB1 /* pause_work_normal.png */ = {isa = PBXFileReference; lastKnownFileType = image.png; path = pause_work_normal.png; sourceTree = "<group>"; };
		4C04EE2C1BBB394A00AECBB1 /* play_break_normal.png */ = {isa = PBXFileReference; lastKnownFileType = image.png; path = play_break_normal.png; sourceTree = "<group>"; };
		4C04EE2D1BBB394A00AECBB1 /* play_work_normal.png */ = {isa = PBXFileReference; lastKnownFileType = image.png; path = play_work_normal.png; sourceTree = "<group>"; };
		4C04EE2E1BBB394A00AECBB1 /* progress-bar-start-fill.png */ = {isa = PBXFileReference; lastKnownFileType = image.png; path = "progress-bar-start-fill.png"; sourceTree = "<group>"; };
		4C04EE341BBB39B000AECBB1 /* TimerData.swift */ = {isa = PBXFileReference; fileEncoding = 4; lastKnownFileType = sourcecode.swift; path = TimerData.swift; sourceTree = "<group>"; };
		4C04EE361BBB39E700AECBB1 /* TimeCircle.swift */ = {isa = PBXFileReference; fileEncoding = 4; lastKnownFileType = sourcecode.swift; path = TimeCircle.swift; sourceTree = "<group>"; };
		4C04EE381BBB3A9600AECBB1 /* GeneralProgressView.swift */ = {isa = PBXFileReference; fileEncoding = 4; lastKnownFileType = sourcecode.swift; path = GeneralProgressView.swift; sourceTree = "<group>"; };
		4C04EE3A1BBB3B1F00AECBB1 /* TimerViewController.swift */ = {isa = PBXFileReference; fileEncoding = 4; lastKnownFileType = sourcecode.swift; path = TimerViewController.swift; sourceTree = "<group>"; };
		4C1B32611BB9E103002A1AA0 /* BreakToGo.app */ = {isa = PBXFileReference; explicitFileType = wrapper.application; includeInIndex = 0; path = BreakToGo.app; sourceTree = BUILT_PRODUCTS_DIR; };
		4C1B32641BB9E103002A1AA0 /* AppDelegate.swift */ = {isa = PBXFileReference; lastKnownFileType = sourcecode.swift; path = AppDelegate.swift; sourceTree = "<group>"; };
		4C1B32681BB9E103002A1AA0 /* Assets.xcassets */ = {isa = PBXFileReference; lastKnownFileType = folder.assetcatalog; path = Assets.xcassets; sourceTree = "<group>"; };
		4C1B326B1BB9E103002A1AA0 /* Base */ = {isa = PBXFileReference; lastKnownFileType = file.storyboard; name = Base; path = Base.lproj/Main.storyboard; sourceTree = "<group>"; };
		4C1B326D1BB9E103002A1AA0 /* Info.plist */ = {isa = PBXFileReference; lastKnownFileType = text.plist.xml; path = Info.plist; sourceTree = "<group>"; };
		4C1B32721BB9E103002A1AA0 /* BreakToGoTests.xctest */ = {isa = PBXFileReference; explicitFileType = wrapper.cfbundle; includeInIndex = 0; path = BreakToGoTests.xctest; sourceTree = BUILT_PRODUCTS_DIR; };
		4C1B32761BB9E103002A1AA0 /* BreakToGoTests.swift */ = {isa = PBXFileReference; lastKnownFileType = sourcecode.swift; path = BreakToGoTests.swift; sourceTree = "<group>"; };
		4C1B32781BB9E103002A1AA0 /* Info.plist */ = {isa = PBXFileReference; lastKnownFileType = text.plist.xml; path = Info.plist; sourceTree = "<group>"; };
		4CF352411BC46C550088E4D1 /* RoundedSaveButton.swift */ = {isa = PBXFileReference; fileEncoding = 4; lastKnownFileType = sourcecode.swift; path = RoundedSaveButton.swift; sourceTree = "<group>"; };
		4CFAB0821BBB3D6E00C6C190 /* ContainerViewController.swift */ = {isa = PBXFileReference; fileEncoding = 4; lastKnownFileType = sourcecode.swift; path = ContainerViewController.swift; sourceTree = "<group>"; };
		4CFAB0841BBB3D7C00C6C190 /* CrossfadeStoryboardSegue.swift */ = {isa = PBXFileReference; fileEncoding = 4; lastKnownFileType = sourcecode.swift; path = CrossfadeStoryboardSegue.swift; sourceTree = "<group>"; };
		4CFAB0861BBB3FCC00C6C190 /* discard_timer_normal.png */ = {isa = PBXFileReference; lastKnownFileType = image.png; path = discard_timer_normal.png; sourceTree = "<group>"; };
		4CFF09B41BBDDC8100003209 /* timer_circle.png */ = {isa = PBXFileReference; lastKnownFileType = image.png; path = timer_circle.png; sourceTree = "<group>"; };
		4CFF09B61BBDDC9C00003209 /* settings_hover.png */ = {isa = PBXFileReference; lastKnownFileType = image.png; path = settings_hover.png; sourceTree = "<group>"; };
/* End PBXFileReference section */

/* Begin PBXFrameworksBuildPhase section */
		4C1B325E1BB9E103002A1AA0 /* Frameworks */ = {
			isa = PBXFrameworksBuildPhase;
			buildActionMask = 2147483647;
			files = (
			);
			runOnlyForDeploymentPostprocessing = 0;
		};
		4C1B326F1BB9E103002A1AA0 /* Frameworks */ = {
			isa = PBXFrameworksBuildPhase;
			buildActionMask = 2147483647;
			files = (
			);
			runOnlyForDeploymentPostprocessing = 0;
		};
/* End PBXFrameworksBuildPhase section */

/* Begin PBXGroup section */
		4C04EE261BBB37E700AECBB1 /* Model */ = {
			isa = PBXGroup;
			children = (
				4C04EE341BBB39B000AECBB1 /* TimerData.swift */,
			);
			name = Model;
			sourceTree = "<group>";
		};
		4C04EE271BBB380400AECBB1 /* GUI */ = {
			isa = PBXGroup;
			children = (
				4CFAB0821BBB3D6E00C6C190 /* ContainerViewController.swift */,
				4C04EE241BBB363500AECBB1 /* OptionsViewController.swift */,
				4C04EE3A1BBB3B1F00AECBB1 /* TimerViewController.swift */,
				4CF352411BC46C550088E4D1 /* RoundedSaveButton.swift */,
			);
			name = GUI;
			sourceTree = "<group>";
		};
		4C04EE281BBB38C300AECBB1 /* Images */ = {
			isa = PBXGroup;
			children = (
				4CFAB0861BBB3FCC00C6C190 /* discard_timer_normal.png */,
				4C04EE2A1BBB394A00AECBB1 /* pause_break_normal.png */,
				4CFF09B61BBDDC9C00003209 /* settings_hover.png */,
				4C04EE2B1BBB394A00AECBB1 /* pause_work_normal.png */,
				4CFF09B41BBDDC8100003209 /* timer_circle.png */,
				4C04EE2C1BBB394A00AECBB1 /* play_break_normal.png */,
				4C04EE2D1BBB394A00AECBB1 /* play_work_normal.png */,
				4C04EE2E1BBB394A00AECBB1 /* progress-bar-start-fill.png */,
			);
			name = Images;
			sourceTree = "<group>";
		};
		4C04EE291BBB391700AECBB1 /* Views */ = {
			isa = PBXGroup;
			children = (
				4C04EE361BBB39E700AECBB1 /* TimeCircle.swift */,
				4C04EE381BBB3A9600AECBB1 /* GeneralProgressView.swift */,
			);
			name = Views;
			sourceTree = "<group>";
		};
		4C1B32581BB9E103002A1AA0 = {
			isa = PBXGroup;
			children = (
				4C1B32631BB9E103002A1AA0 /* BreakToGo */,
				4C1B32751BB9E103002A1AA0 /* BreakToGoTests */,
				4C1B32621BB9E103002A1AA0 /* Products */,
			);
			sourceTree = "<group>";
		};
		4C1B32621BB9E103002A1AA0 /* Products */ = {
			isa = PBXGroup;
			children = (
				4C1B32611BB9E103002A1AA0 /* BreakToGo.app */,
				4C1B32721BB9E103002A1AA0 /* BreakToGoTests.xctest */,
			);
			name = Products;
			sourceTree = "<group>";
		};
		4C1B32631BB9E103002A1AA0 /* BreakToGo */ = {
			isa = PBXGroup;
			children = (
				4C04EE291BBB391700AECBB1 /* Views */,
				4C04EE281BBB38C300AECBB1 /* Images */,
				4C04EE271BBB380400AECBB1 /* GUI */,
				4C04EE261BBB37E700AECBB1 /* Model */,
				4C1B32641BB9E103002A1AA0 /* AppDelegate.swift */,
				4CFAB0841BBB3D7C00C6C190 /* CrossfadeStoryboardSegue.swift */,
				4C1B326A1BB9E103002A1AA0 /* Main.storyboard */,
				4C1B32681BB9E103002A1AA0 /* Assets.xcassets */,
				4C1B326D1BB9E103002A1AA0 /* Info.plist */,
			);
			path = BreakToGo;
			sourceTree = "<group>";
		};
		4C1B32751BB9E103002A1AA0 /* BreakToGoTests */ = {
			isa = PBXGroup;
			children = (
				4C1B32761BB9E103002A1AA0 /* BreakToGoTests.swift */,
				4C1B32781BB9E103002A1AA0 /* Info.plist */,
			);
			path = BreakToGoTests;
			sourceTree = "<group>";
		};
/* End PBXGroup section */

/* Begin PBXNativeTarget section */
		4C1B32601BB9E103002A1AA0 /* BreakToGo */ = {
			isa = PBXNativeTarget;
			buildConfigurationList = 4C1B327B1BB9E103002A1AA0 /* Build configuration list for PBXNativeTarget "BreakToGo" */;
			buildPhases = (
				4C1B325D1BB9E103002A1AA0 /* Sources */,
				4C1B325E1BB9E103002A1AA0 /* Frameworks */,
				4C1B325F1BB9E103002A1AA0 /* Resources */,
			);
			buildRules = (
			);
			dependencies = (
			);
			name = BreakToGo;
			productName = BreakToGo;
			productReference = 4C1B32611BB9E103002A1AA0 /* BreakToGo.app */;
			productType = "com.apple.product-type.application";
		};
		4C1B32711BB9E103002A1AA0 /* BreakToGoTests */ = {
			isa = PBXNativeTarget;
			buildConfigurationList = 4C1B327E1BB9E103002A1AA0 /* Build configuration list for PBXNativeTarget "BreakToGoTests" */;
			buildPhases = (
				4C1B326E1BB9E103002A1AA0 /* Sources */,
				4C1B326F1BB9E103002A1AA0 /* Frameworks */,
				4C1B32701BB9E103002A1AA0 /* Resources */,
			);
			buildRules = (
			);
			dependencies = (
				4C1B32741BB9E103002A1AA0 /* PBXTargetDependency */,
			);
			name = BreakToGoTests;
			productName = BreakToGoTests;
			productReference = 4C1B32721BB9E103002A1AA0 /* BreakToGoTests.xctest */;
			productType = "com.apple.product-type.bundle.unit-test";
		};
/* End PBXNativeTarget section */

/* Begin PBXProject section */
		4C1B32591BB9E103002A1AA0 /* Project object */ = {
			isa = PBXProject;
			attributes = {
				LastUpgradeCheck = 0700;
				ORGANIZATIONNAME = Younga;
				TargetAttributes = {
					4C1B32601BB9E103002A1AA0 = {
						CreatedOnToolsVersion = 7.0;
					};
					4C1B32711BB9E103002A1AA0 = {
						CreatedOnToolsVersion = 7.0;
						TestTargetID = 4C1B32601BB9E103002A1AA0;
					};
				};
			};
			buildConfigurationList = 4C1B325C1BB9E103002A1AA0 /* Build configuration list for PBXProject "BreakToGo" */;
			compatibilityVersion = "Xcode 3.2";
			developmentRegion = English;
			hasScannedForEncodings = 0;
			knownRegions = (
				en,
				Base,
			);
			mainGroup = 4C1B32581BB9E103002A1AA0;
			productRefGroup = 4C1B32621BB9E103002A1AA0 /* Products */;
			projectDirPath = "";
			projectRoot = "";
			targets = (
				4C1B32601BB9E103002A1AA0 /* BreakToGo */,
				4C1B32711BB9E103002A1AA0 /* BreakToGoTests */,
			);
		};
/* End PBXProject section */

/* Begin PBXResourcesBuildPhase section */
		4C1B325F1BB9E103002A1AA0 /* Resources */ = {
			isa = PBXResourcesBuildPhase;
			buildActionMask = 2147483647;
			files = (
				4C04EE301BBB394A00AECBB1 /* pause_work_normal.png in Resources */,
				4C04EE331BBB394A00AECBB1 /* progress-bar-start-fill.png in Resources */,
				4C04EE321BBB394A00AECBB1 /* play_work_normal.png in Resources */,
				4CFF09B71BBDDC9C00003209 /* settings_hover.png in Resources */,
				4C04EE311BBB394A00AECBB1 /* play_break_normal.png in Resources */,
				4CFF09B51BBDDC8100003209 /* timer_circle.png in Resources */,
				4C04EE2F1BBB394A00AECBB1 /* pause_break_normal.png in Resources */,
				4CFAB0871BBB3FCC00C6C190 /* discard_timer_normal.png in Resources */,
				4C1B32691BB9E103002A1AA0 /* Assets.xcassets in Resources */,
				4C1B326C1BB9E103002A1AA0 /* Main.storyboard in Resources */,
			);
			runOnlyForDeploymentPostprocessing = 0;
		};
		4C1B32701BB9E103002A1AA0 /* Resources */ = {
			isa = PBXResourcesBuildPhase;
			buildActionMask = 2147483647;
			files = (
			);
			runOnlyForDeploymentPostprocessing = 0;
		};
/* End PBXResourcesBuildPhase section */

/* Begin PBXSourcesBuildPhase section */
		4C1B325D1BB9E103002A1AA0 /* Sources */ = {
			isa = PBXSourcesBuildPhase;
			buildActionMask = 2147483647;
			files = (
				4C04EE391BBB3A9600AECBB1 /* GeneralProgressView.swift in Sources */,
				4CFAB0831BBB3D6E00C6C190 /* ContainerViewController.swift in Sources */,
				4C04EE371BBB39E700AECBB1 /* TimeCircle.swift in Sources */,
				4C04EE3B1BBB3B1F00AECBB1 /* TimerViewController.swift in Sources */,
				4CF352421BC46C550088E4D1 /* RoundedSaveButton.swift in Sources */,
				4C1B32651BB9E103002A1AA0 /* AppDelegate.swift in Sources */,
				4C04EE251BBB363500AECBB1 /* OptionsViewController.swift in Sources */,
				4CFAB0851BBB3D7C00C6C190 /* CrossfadeStoryboardSegue.swift in Sources */,
				4C04EE351BBB39B000AECBB1 /* TimerData.swift in Sources */,
			);
			runOnlyForDeploymentPostprocessing = 0;
		};
		4C1B326E1BB9E103002A1AA0 /* Sources */ = {
			isa = PBXSourcesBuildPhase;
			buildActionMask = 2147483647;
			files = (
				4C1B32771BB9E103002A1AA0 /* BreakToGoTests.swift in Sources */,
			);
			runOnlyForDeploymentPostprocessing = 0;
		};
/* End PBXSourcesBuildPhase section */

/* Begin PBXTargetDependency section */
		4C1B32741BB9E103002A1AA0 /* PBXTargetDependency */ = {
			isa = PBXTargetDependency;
			target = 4C1B32601BB9E103002A1AA0 /* BreakToGo */;
			targetProxy = 4C1B32731BB9E103002A1AA0 /* PBXContainerItemProxy */;
		};
/* End PBXTargetDependency section */

/* Begin PBXVariantGroup section */
		4C1B326A1BB9E103002A1AA0 /* Main.storyboard */ = {
			isa = PBXVariantGroup;
			children = (
				4C1B326B1BB9E103002A1AA0 /* Base */,
			);
			name = Main.storyboard;
			sourceTree = "<group>";
		};
/* End PBXVariantGroup section */

/* Begin XCBuildConfiguration section */
		4C1B32791BB9E103002A1AA0 /* Debug */ = {
			isa = XCBuildConfiguration;
			buildSettings = {
				ALWAYS_SEARCH_USER_PATHS = NO;
				CLANG_CXX_LANGUAGE_STANDARD = "gnu++0x";
				CLANG_CXX_LIBRARY = "libc++";
				CLANG_ENABLE_MODULES = YES;
				CLANG_ENABLE_OBJC_ARC = YES;
				CLANG_WARN_BOOL_CONVERSION = YES;
				CLANG_WARN_CONSTANT_CONVERSION = YES;
				CLANG_WARN_DIRECT_OBJC_ISA_USAGE = YES_ERROR;
				CLANG_WARN_EMPTY_BODY = YES;
				CLANG_WARN_ENUM_CONVERSION = YES;
				CLANG_WARN_INT_CONVERSION = YES;
				CLANG_WARN_OBJC_ROOT_CLASS = YES_ERROR;
				CLANG_WARN_UNREACHABLE_CODE = YES;
				CLANG_WARN__DUPLICATE_METHOD_MATCH = YES;
				CODE_SIGN_IDENTITY = "-";
				COPY_PHASE_STRIP = NO;
				DEBUG_INFORMATION_FORMAT = dwarf;
				ENABLE_STRICT_OBJC_MSGSEND = YES;
				ENABLE_TESTABILITY = YES;
				GCC_C_LANGUAGE_STANDARD = gnu99;
				GCC_DYNAMIC_NO_PIC = NO;
				GCC_NO_COMMON_BLOCKS = YES;
				GCC_OPTIMIZATION_LEVEL = 0;
				GCC_PREPROCESSOR_DEFINITIONS = (
					"DEBUG=1",
					"$(inherited)",
				);
				GCC_WARN_64_TO_32_BIT_CONVERSION = YES;
				GCC_WARN_ABOUT_RETURN_TYPE = YES_ERROR;
				GCC_WARN_UNDECLARED_SELECTOR = YES;
				GCC_WARN_UNINITIALIZED_AUTOS = YES_AGGRESSIVE;
				GCC_WARN_UNUSED_FUNCTION = YES;
				GCC_WARN_UNUSED_VARIABLE = YES;
				MACOSX_DEPLOYMENT_TARGET = 10.10;
				MTL_ENABLE_DEBUG_INFO = YES;
				ONLY_ACTIVE_ARCH = YES;
				SDKROOT = macosx;
				SWIFT_OPTIMIZATION_LEVEL = "-Onone";
			};
			name = Debug;
		};
		4C1B327A1BB9E103002A1AA0 /* Release */ = {
			isa = XCBuildConfiguration;
			buildSettings = {
				ALWAYS_SEARCH_USER_PATHS = NO;
				CLANG_CXX_LANGUAGE_STANDARD = "gnu++0x";
				CLANG_CXX_LIBRARY = "libc++";
				CLANG_ENABLE_MODULES = YES;
				CLANG_ENABLE_OBJC_ARC = YES;
				CLANG_WARN_BOOL_CONVERSION = YES;
				CLANG_WARN_CONSTANT_CONVERSION = YES;
				CLANG_WARN_DIRECT_OBJC_ISA_USAGE = YES_ERROR;
				CLANG_WARN_EMPTY_BODY = YES;
				CLANG_WARN_ENUM_CONVERSION = YES;
				CLANG_WARN_INT_CONVERSION = YES;
				CLANG_WARN_OBJC_ROOT_CLASS = YES_ERROR;
				CLANG_WARN_UNREACHABLE_CODE = YES;
				CLANG_WARN__DUPLICATE_METHOD_MATCH = YES;
				CODE_SIGN_IDENTITY = "-";
				COPY_PHASE_STRIP = NO;
				DEBUG_INFORMATION_FORMAT = "dwarf-with-dsym";
				ENABLE_NS_ASSERTIONS = NO;
				ENABLE_STRICT_OBJC_MSGSEND = YES;
				GCC_C_LANGUAGE_STANDARD = gnu99;
				GCC_NO_COMMON_BLOCKS = YES;
				GCC_WARN_64_TO_32_BIT_CONVERSION = YES;
				GCC_WARN_ABOUT_RETURN_TYPE = YES_ERROR;
				GCC_WARN_UNDECLARED_SELECTOR = YES;
				GCC_WARN_UNINITIALIZED_AUTOS = YES_AGGRESSIVE;
				GCC_WARN_UNUSED_FUNCTION = YES;
				GCC_WARN_UNUSED_VARIABLE = YES;
				MACOSX_DEPLOYMENT_TARGET = 10.10;
				MTL_ENABLE_DEBUG_INFO = NO;
				SDKROOT = macosx;
			};
			name = Release;
		};
		4C1B327C1BB9E103002A1AA0 /* Debug */ = {
			isa = XCBuildConfiguration;
			buildSettings = {
				ASSETCATALOG_COMPILER_APPICON_NAME = AppIcon;
				CODE_SIGN_IDENTITY = "Developer ID Application";
				"CODE_SIGN_IDENTITY[sdk=macosx*]" = "Mac Developer";
				COMBINE_HIDPI_IMAGES = YES;
				INFOPLIST_FILE = BreakToGo/Info.plist;
				LD_RUNPATH_SEARCH_PATHS = "$(inherited) @executable_path/../Frameworks";
				PRODUCT_BUNDLE_IDENTIFIER = com.younga.BreakToGo;
				PRODUCT_NAME = "$(TARGET_NAME)";
				PROVISIONING_PROFILE = "";
			};
			name = Debug;
		};
		4C1B327D1BB9E103002A1AA0 /* Release */ = {
			isa = XCBuildConfiguration;
			buildSettings = {
				ASSETCATALOG_COMPILER_APPICON_NAME = AppIcon;
				CODE_SIGN_IDENTITY = "Developer ID Application";
				"CODE_SIGN_IDENTITY[sdk=macosx*]" = "Mac Developer";
				COMBINE_HIDPI_IMAGES = YES;
				INFOPLIST_FILE = BreakToGo/Info.plist;
				LD_RUNPATH_SEARCH_PATHS = "$(inherited) @executable_path/../Frameworks";
				PRODUCT_BUNDLE_IDENTIFIER = com.younga.BreakToGo;
				PRODUCT_NAME = "$(TARGET_NAME)";
				PROVISIONING_PROFILE = "";
			};
			name = Release;
		};
		4C1B327F1BB9E103002A1AA0 /* Debug */ = {
			isa = XCBuildConfiguration;
			buildSettings = {
				BUNDLE_LOADER = "$(TEST_HOST)";
				COMBINE_HIDPI_IMAGES = YES;
				INFOPLIST_FILE = BreakToGoTests/Info.plist;
				LD_RUNPATH_SEARCH_PATHS = "$(inherited) @executable_path/../Frameworks @loader_path/../Frameworks";
				PRODUCT_BUNDLE_IDENTIFIER = com.younga.BreakToGoTests;
				PRODUCT_NAME = "$(TARGET_NAME)";
				TEST_HOST = "$(BUILT_PRODUCTS_DIR)/BreakToGo.app/Contents/MacOS/BreakToGo";
			};
			name = Debug;
		};
		4C1B32801BB9E103002A1AA0 /* Release */ = {
			isa = XCBuildConfiguration;
			buildSettings = {
				BUNDLE_LOADER = "$(TEST_HOST)";
				COMBINE_HIDPI_IMAGES = YES;
				INFOPLIST_FILE = BreakToGoTests/Info.plist;
				LD_RUNPATH_SEARCH_PATHS = "$(inherited) @executable_path/../Frameworks @loader_path/../Frameworks";
				PRODUCT_BUNDLE_IDENTIFIER = com.younga.BreakToGoTests;
				PRODUCT_NAME = "$(TARGET_NAME)";
				TEST_HOST = "$(BUILT_PRODUCTS_DIR)/BreakToGo.app/Contents/MacOS/BreakToGo";
			};
			name = Release;
		};
/* End XCBuildConfiguration section */

/* Begin XCConfigurationList section */
		4C1B325C1BB9E103002A1AA0 /* Build configuration list for PBXProject "BreakToGo" */ = {
			isa = XCConfigurationList;
			buildConfigurations = (
				4C1B32791BB9E103002A1AA0 /* Debug */,
				4C1B327A1BB9E103002A1AA0 /* Release */,
			);
			defaultConfigurationIsVisible = 0;
			defaultConfigurationName = Release;
		};
		4C1B327B1BB9E103002A1AA0 /* Build configuration list for PBXNativeTarget "BreakToGo" */ = {
			isa = XCConfigurationList;
			buildConfigurations = (
				4C1B327C1BB9E103002A1AA0 /* Debug */,
				4C1B327D1BB9E103002A1AA0 /* Release */,
			);
			defaultConfigurationIsVisible = 0;
			defaultConfigurationName = Release;
		};
		4C1B327E1BB9E103002A1AA0 /* Build configuration list for PBXNativeTarget "BreakToGoTests" */ = {
			isa = XCConfigurationList;
			buildConfigurations = (
				4C1B327F1BB9E103002A1AA0 /* Debug */,
				4C1B32801BB9E103002A1AA0 /* Release */,
			);
			defaultConfigurationIsVisible = 0;
			defaultConfigurationName = Release;
		};
/* End XCConfigurationList section */
	};
	rootObject = 4C1B32591BB9E103002A1AA0 /* Project object */;
}
